
Microsoft Visual Studio Solution File, Format Version 12.00
# Visual Studio Version 16
VisualStudioVersion = 16.0.29926.136
MinimumVisualStudioVersion = 10.0.40219.1
Project("{FAE04EC0-301F-11D3-BF4B-00C04F79EFBC}") = "DllUtils", "DllUtils\DllUtils.csproj", "{70B2AF2E-BFD2-48C9-9D13-18053F26E710}"
EndProject
Project("{2150E333-8FDC-42A3-9474-1A3956D46DE8}") = "Examples", "Examples", "{DD61541A-6E6A-4CBE-ADAB-D5C11DC0B330}"
EndProject
Project("{2150E333-8FDC-42A3-9474-1A3956D46DE8}") = "DllExport", "DllExport", "{AFDC68EB-02F7-4BE8-9804-5295C2C040DF}"
EndProject
Project("{2150E333-8FDC-42A3-9474-1A3956D46DE8}") = "CppLib", "CppLib", "{17C8DD3B-6228-4F77-B7C5-00CA1F9EFD5F}"
EndProject
Project("{FAE04EC0-301F-11D3-BF4B-00C04F79EFBC}") = "DllExportInjector", "examples\csharp-dllexport\DllExportInjector\DllExportInjector.csproj", "{E1F2D7C1-C50E-4146-AB92-D0F9B889F4FC}"
EndProject
Project("{FAE04EC0-301F-11D3-BF4B-00C04F79EFBC}") = "DllExportLibrary", "examples\csharp-dllexport\DllExportLibrary\DllExportLibrary.csproj", "{1CBAADB6-2B35-4010-96CC-17BA4B1CAF8E}"
EndProject
Project("{8BC9CEB8-8B4A-11D0-8D11-00A0C91BC942}") = "CppLibrary", "examples\cpp\CppLibrary\CppLibrary.vcxproj", "{EE2E2F99-FBC6-4164-92B0-E99B94462EAA}"
EndProject
Project("{FAE04EC0-301F-11D3-BF4B-00C04F79EFBC}") = "CppLibraryInjector", "examples\cpp\CppLibraryInjector\CppLibraryInjector.csproj", "{63CC961D-AED9-4E77-B854-20A8FC80B3BA}"
EndProject
Global
	GlobalSection(SolutionConfigurationPlatforms) = preSolution
		Debug|Any CPU = Debug|Any CPU
		Debug|x64 = Debug|x64
		Debug|x86 = Debug|x86
		Release|Any CPU = Release|Any CPU
		Release|x64 = Release|x64
		Release|x86 = Release|x86
	EndGlobalSection
	GlobalSection(ProjectConfigurationPlatforms) = postSolution
		{70B2AF2E-BFD2-48C9-9D13-18053F26E710}.Debug|Any CPU.ActiveCfg = Debug|Any CPU
		{70B2AF2E-BFD2-48C9-9D13-18053F26E710}.Debug|Any CPU.Build.0 = Debug|Any CPU
		{70B2AF2E-BFD2-48C9-9D13-18053F26E710}.Debug|x64.ActiveCfg = Debug|x64
		{70B2AF2E-BFD2-48C9-9D13-18053F26E710}.Debug|x64.Build.0 = Debug|x64
		{70B2AF2E-BFD2-48C9-9D13-18053F26E710}.Debug|x86.ActiveCfg = Debug|x86
		{70B2AF2E-BFD2-48C9-9D13-18053F26E710}.Debug|x86.Build.0 = Debug|x86
		{70B2AF2E-BFD2-48C9-9D13-18053F26E710}.Release|Any CPU.ActiveCfg = Release|Any CPU
		{70B2AF2E-BFD2-48C9-9D13-18053F26E710}.Release|Any CPU.Build.0 = Release|Any CPU
		{70B2AF2E-BFD2-48C9-9D13-18053F26E710}.Release|x64.ActiveCfg = Release|x64
		{70B2AF2E-BFD2-48C9-9D13-18053F26E710}.Release|x64.Build.0 = Release|x64
		{70B2AF2E-BFD2-48C9-9D13-18053F26E710}.Release|x86.ActiveCfg = Release|x86
		{70B2AF2E-BFD2-48C9-9D13-18053F26E710}.Release|x86.Build.0 = Release|x86
		{E1F2D7C1-C50E-4146-AB92-D0F9B889F4FC}.Debug|Any CPU.ActiveCfg = Debug|Any CPU
		{E1F2D7C1-C50E-4146-AB92-D0F9B889F4FC}.Debug|Any CPU.Build.0 = Debug|Any CPU
		{E1F2D7C1-C50E-4146-AB92-D0F9B889F4FC}.Debug|x64.ActiveCfg = Debug|x64
		{E1F2D7C1-C50E-4146-AB92-D0F9B889F4FC}.Debug|x64.Build.0 = Debug|x64
		{E1F2D7C1-C50E-4146-AB92-D0F9B889F4FC}.Debug|x86.ActiveCfg = Debug|x86
		{E1F2D7C1-C50E-4146-AB92-D0F9B889F4FC}.Debug|x86.Build.0 = Debug|x86
		{E1F2D7C1-C50E-4146-AB92-D0F9B889F4FC}.Release|Any CPU.ActiveCfg = Release|Any CPU
		{E1F2D7C1-C50E-4146-AB92-D0F9B889F4FC}.Release|Any CPU.Build.0 = Release|Any CPU
		{E1F2D7C1-C50E-4146-AB92-D0F9B889F4FC}.Release|x64.ActiveCfg = Release|x64
		{E1F2D7C1-C50E-4146-AB92-D0F9B889F4FC}.Release|x64.Build.0 = Release|x64
		{E1F2D7C1-C50E-4146-AB92-D0F9B889F4FC}.Release|x86.ActiveCfg = Release|x86
		{E1F2D7C1-C50E-4146-AB92-D0F9B889F4FC}.Release|x86.Build.0 = Release|x86
		{1CBAADB6-2B35-4010-96CC-17BA4B1CAF8E}.Debug|Any CPU.ActiveCfg = Debug|Any CPU
		{1CBAADB6-2B35-4010-96CC-17BA4B1CAF8E}.Debug|Any CPU.Build.0 = Debug|Any CPU
		{1CBAADB6-2B35-4010-96CC-17BA4B1CAF8E}.Debug|x64.ActiveCfg = Debug|x64
		{1CBAADB6-2B35-4010-96CC-17BA4B1CAF8E}.Debug|x64.Build.0 = Debug|x64
		{1CBAADB6-2B35-4010-96CC-17BA4B1CAF8E}.Debug|x86.ActiveCfg = Debug|x86
		{1CBAADB6-2B35-4010-96CC-17BA4B1CAF8E}.Debug|x86.Build.0 = Debug|x86
		{1CBAADB6-2B35-4010-96CC-17BA4B1CAF8E}.Release|Any CPU.ActiveCfg = Release|Any CPU
		{1CBAADB6-2B35-4010-96CC-17BA4B1CAF8E}.Release|Any CPU.Build.0 = Release|Any CPU
		{1CBAADB6-2B35-4010-96CC-17BA4B1CAF8E}.Release|x64.ActiveCfg = Release|x64
		{1CBAADB6-2B35-4010-96CC-17BA4B1CAF8E}.Release|x64.Build.0 = Release|x64
		{1CBAADB6-2B35-4010-96CC-17BA4B1CAF8E}.Release|x86.ActiveCfg = Release|x86
		{1CBAADB6-2B35-4010-96CC-17BA4B1CAF8E}.Release|x86.Build.0 = Release|x86
		{EE2E2F99-FBC6-4164-92B0-E99B94462EAA}.Debug|Any CPU.ActiveCfg = Debug|Win32
		{EE2E2F99-FBC6-4164-92B0-E99B94462EAA}.Debug|x64.ActiveCfg = Debug|x64
		{EE2E2F99-FBC6-4164-92B0-E99B94462EAA}.Debug|x86.ActiveCfg = Debug|Win32
		{EE2E2F99-FBC6-4164-92B0-E99B94462EAA}.Debug|x86.Build.0 = Debug|Win32
		{EE2E2F99-FBC6-4164-92B0-E99B94462EAA}.Release|Any CPU.ActiveCfg = Release|Win32
		{EE2E2F99-FBC6-4164-92B0-E99B94462EAA}.Release|x64.ActiveCfg = Release|x64
		{EE2E2F99-FBC6-4164-92B0-E99B94462EAA}.Release|x86.ActiveCfg = Release|Win32
		{EE2E2F99-FBC6-4164-92B0-E99B94462EAA}.Release|x86.Build.0 = Release|Win32
		{63CC961D-AED9-4E77-B854-20A8FC80B3BA}.Debug|Any CPU.ActiveCfg = Debug|Any CPU
		{63CC961D-AED9-4E77-B854-20A8FC80B3BA}.Debug|Any CPU.Build.0 = Debug|Any CPU
		{63CC961D-AED9-4E77-B854-20A8FC80B3BA}.Debug|x64.ActiveCfg = Debug|x64
		{63CC961D-AED9-4E77-B854-20A8FC80B3BA}.Debug|x64.Build.0 = Debug|x64
		{63CC961D-AED9-4E77-B854-20A8FC80B3BA}.Debug|x86.ActiveCfg = Debug|x86
		{63CC961D-AED9-4E77-B854-20A8FC80B3BA}.Debug|x86.Build.0 = Debug|x86
		{63CC961D-AED9-4E77-B854-20A8FC80B3BA}.Release|Any CPU.ActiveCfg = Release|Any CPU
		{63CC961D-AED9-4E77-B854-20A8FC80B3BA}.Release|Any CPU.Build.0 = Release|Any CPU
		{63CC961D-AED9-4E77-B854-20A8FC80B3BA}.Release|x64.ActiveCfg = Release|x64
		{63CC961D-AED9-4E77-B854-20A8FC80B3BA}.Release|x64.Build.0 = Release|x64
		{63CC961D-AED9-4E77-B854-20A8FC80B3BA}.Release|x86.ActiveCfg = Release|x86
		{63CC961D-AED9-4E77-B854-20A8FC80B3BA}.Release|x86.Build.0 = Release|x86
	EndGlobalSection
	GlobalSection(SolutionProperties) = preSolution
		HideSolutionNode = FALSE
	EndGlobalSection
	GlobalSection(NestedProjects) = preSolution
		{AFDC68EB-02F7-4BE8-9804-5295C2C040DF} = {DD61541A-6E6A-4CBE-ADAB-D5C11DC0B330}
		{17C8DD3B-6228-4F77-B7C5-00CA1F9EFD5F} = {DD61541A-6E6A-4CBE-ADAB-D5C11DC0B330}
		{E1F2D7C1-C50E-4146-AB92-D0F9B889F4FC} = {AFDC68EB-02F7-4BE8-9804-5295C2C040DF}
		{1CBAADB6-2B35-4010-96CC-17BA4B1CAF8E} = {AFDC68EB-02F7-4BE8-9804-5295C2C040DF}
		{EE2E2F99-FBC6-4164-92B0-E99B94462EAA} = {17C8DD3B-6228-4F77-B7C5-00CA1F9EFD5F}
		{63CC961D-AED9-4E77-B854-20A8FC80B3BA} = {17C8DD3B-6228-4F77-B7C5-00CA1F9EFD5F}
	EndGlobalSection
	GlobalSection(ExtensibilityGlobals) = postSolution
		SolutionGuid = {30015552-02BA-43C0-A240-04C12485D038}
	EndGlobalSection
EndGlobal
